
Microsoft Visual Studio Solution File, Format Version 12.00
# Visual Studio 15
VisualStudioVersion = 15.0.27703.2035
MinimumVisualStudioVersion = 10.0.40219.1
Project("{FAE04EC0-301F-11D3-BF4B-00C04F79EFBC}") = "MinecraftServerbat", "MinecraftServerbat\MinecraftServerbat.csproj", "{016A1B95-9CFE-4177-B86B-91999087A960}"
EndProject
Global
	GlobalSection(SolutionConfigurationPlatforms) = preSolution
		Debug|Any CPU = Debug|Any CPU
		Release|Any CPU = Release|Any CPU
	EndGlobalSection
	GlobalSection(ProjectConfigurationPlatforms) = postSolution
		{016A1B95-9CFE-4177-B86B-91999087A960}.Debug|Any CPU.ActiveCfg = Debug|Any CPU
		{016A1B95-9CFE-4177-B86B-91999087A960}.Debug|Any CPU.Build.0 = Debug|Any CPU
		{016A1B95-9CFE-4177-B86B-91999087A960}.Release|Any CPU.ActiveCfg = Release|Any CPU
		{016A1B95-9CFE-4177-B86B-91999087A960}.Release|Any CPU.Build.0 = Release|Any CPU
	EndGlobalSection
	GlobalSection(SolutionProperties) = preSolution
		HideSolutionNode = FALSE
	EndGlobalSection
	GlobalSection(ExtensibilityGlobals) = postSolution
		SolutionGuid = {B2F56FBD-C4EE-491D-A648-807FBA8F0602}
	EndGlobalSection
EndGlobal
